# Generated by conda-lock.
# platform: osx-64
# input_hash: cfd86359d11115e5d9a356196706c6771692a93c317c1a105bca51f0727e3b3e
@EXPLICIT
https://repo.anaconda.com/pkgs/main/osx-64/bzip2-1.0.8-h1de35cc_0.conda#19fcb113b170fe2a0be96b47801fed7d
https://repo.anaconda.com/pkgs/main/osx-64/c-ares-1.19.0-h6c40b1e_0.conda#aa64bee2563b59f406d38defd3f82ea7
https://repo.anaconda.com/pkgs/main/osx-64/ca-certificates-2023.05.30-hecd8cb5_0.conda#1ab4b0336a311064d05fdd2484df5336
https://repo.anaconda.com/pkgs/main/osx-64/giflib-5.2.1-h6c40b1e_3.conda#a5ab49bdb6fdc875fb965221241e3bcf
https://repo.anaconda.com/pkgs/main/osx-64/jpeg-9e-h6c40b1e_1.conda#fc3e61fa41309946c9283fe8737d7f41
https://conda.anaconda.org/conda-forge/osx-64/khronos-opencl-icd-loader-2023.04.17-hb7f2c08_0.conda#1da90df0f7c60763700477e616df685c
https://repo.anaconda.com/pkgs/main/osx-64/libbrotlicommon-1.0.9-hca72f7f_7.conda#6c865b9e76fa2fad0c8ac32aa0f01f75
https://conda.anaconda.org/conda-forge/osx-64/libcxx-16.0.6-hd57cbcb_0.conda#7d6972792161077908b62971802f289a
https://repo.anaconda.com/pkgs/main/osx-64/libdeflate-1.17-hb664fd8_0.conda#4236b26b451011822d3a3086282063c0
https://repo.anaconda.com/pkgs/main/osx-64/libev-4.33-h9ed2024_1.conda#ffb0ee08779a6ccb4706b72523712cb7
https://repo.anaconda.com/pkgs/main/osx-64/libffi-3.4.4-hecd8cb5_0.conda#c20b2687118c471b1d70067ef2b2703f
https://repo.anaconda.com/pkgs/main/osx-64/libiconv-1.16-hca72f7f_2.conda#2b92f36b600ea325773a72eacdc93772
https://repo.anaconda.com/pkgs/main/osx-64/libopus-1.3.1-h1de35cc_0.conda#adb6866a689b19c624fedbf277d1ce05
https://repo.anaconda.com/pkgs/main/osx-64/libsodium-1.0.18-h1de35cc_0.conda#dc65d21181274fa72d5eea2ba9cc1c35
https://repo.anaconda.com/pkgs/main/osx-64/libtasn1-4.19.0-h6c40b1e_0.conda#dadad8c976b0df85c7f5370ca8f39325
https://repo.anaconda.com/pkgs/main/osx-64/libunistring-0.9.10-h9ed2024_0.conda#a54d0f9b17cb2b8ce883b34cde4488a6
https://repo.anaconda.com/pkgs/main/osx-64/libwebp-base-1.2.4-h6c40b1e_1.conda#b5ba90f49396f024ee017794b28e8263
https://repo.anaconda.com/pkgs/main/osx-64/llvm-openmp-14.0.6-h0dcd299_0.conda#b5804d32b87dc61ca94561ade33d5f2d
https://repo.anaconda.com/pkgs/main/osx-64/mpi-1.0-openmpi.conda#ce0721847dfc63612523ecdcf37ce53e
https://repo.anaconda.com/pkgs/main/osx-64/ncurses-6.4-hcec6c5f_0.conda#0214d1ee980e217fabc695f1e40662aa
https://repo.anaconda.com/pkgs/main/osx-64/pixman-0.40.0-h9ed2024_1.conda#3c7826ac79ae77e41d55c658cb200760
https://repo.anaconda.com/pkgs/main/noarch/tzdata-2023c-h04d1e81_0.conda#29db02adf8808f7c64642cead3e28acd
https://repo.anaconda.com/pkgs/main/osx-64/x264-1!157.20191217-h1de35cc_0.conda#7716107f3f11b56a7baad4d02d05241f
https://repo.anaconda.com/pkgs/main/osx-64/xz-5.4.2-h6c40b1e_0.conda#5e546d3c9765b4441e511804d58f6e3f
https://repo.anaconda.com/pkgs/main/osx-64/yaml-0.2.5-haf1e3a3_0.conda#73628ed86f99adf6a0cb81dd20e426cd
https://repo.anaconda.com/pkgs/main/osx-64/zlib-1.2.13-h4dc903c_0.conda#d0202dd912bfb45d3422786531717882
https://repo.anaconda.com/pkgs/main/osx-64/eigen-3.3.7-haf03e11_1.conda#a435009afcfff740e71c55fec1244a2a
https://repo.anaconda.com/pkgs/main/osx-64/expat-2.4.9-he9d5cce_0.conda#fa209d24a90c155c4ca74b2f21e62691
https://repo.anaconda.com/pkgs/main/osx-64/gmp-6.2.1-he9d5cce_3.conda#70f85ac680282613e5c5bd963fad59a3
https://repo.anaconda.com/pkgs/main/osx-64/graphite2-1.3.14-he9d5cce_1.conda#80d27ce5c14127d536c3be20198484e9
https://repo.anaconda.com/pkgs/main/osx-64/icu-58.2-h0a44026_3.conda#7eb495615609cfaa4e4b1d40cca57735
https://repo.anaconda.com/pkgs/main/osx-64/lame-3.100-h1de35cc_0.conda#0dfbfc5851329b29a0e557d8f3e65983
https://repo.anaconda.com/pkgs/main/osx-64/lerc-3.0-he9d5cce_0.conda#aec2c3dbef836849c9260f05be04f3db
https://repo.anaconda.com/pkgs/main/osx-64/libbrotlidec-1.0.9-hca72f7f_7.conda#b85983951745cc666d9a1b42894210b2
https://repo.anaconda.com/pkgs/main/osx-64/libbrotlienc-1.0.9-hca72f7f_7.conda#e306d7a1599202a7c95762443f110832
https://repo.anaconda.com/pkgs/main/osx-64/libedit-3.1.20221030-h6c40b1e_0.conda#d05611d2a89ad339b89c029bc34687df
https://repo.anaconda.com/pkgs/main/osx-64/libgfortran5-11.3.0-h9dfd629_28.conda#1fa1a27ee100b1918c3021dbfa3895a3
https://repo.anaconda.com/pkgs/main/osx-64/libidn2-2.3.4-h6c40b1e_0.conda#304613f6ce02853761e9c01017334897
https://repo.anaconda.com/pkgs/main/osx-64/libllvm12-12.0.0-h9b2ccf5_3.conda#f521f911fc94d2e1952338fb6ba5797e
https://repo.anaconda.com/pkgs/main/osx-64/libpng-1.6.39-h6c40b1e_0.conda#a3c824835f53ad27aeb86d2b55e47804
https://repo.anaconda.com/pkgs/main/osx-64/libvpx-1.7.0-h378b8a2_0.conda#3548e5c7daacc1a7ae68f45fd11ce6eb
https://repo.anaconda.com/pkgs/main/osx-64/lz4-c-1.9.4-hcec6c5f_0.conda#44291e9e6920cfff30caf1299f48db38
https://repo.anaconda.com/pkgs/main/osx-64/nspr-4.35-hcec6c5f_0.conda#c0dc969df7d6d7ea102ef81cddc7c0d8
https://repo.anaconda.com/pkgs/main/osx-64/openh264-2.1.1-h8346a28_0.conda#dfbf59bd6e00c484166cbf19bf77c58d
https://repo.anaconda.com/pkgs/main/osx-64/openssl-3.0.8-hca72f7f_0.conda#e64b1dbda8fdda56c31dda440e852132
https://repo.anaconda.com/pkgs/main/osx-64/pcre-8.45-h23ab428_0.conda#2642b1546cdbd6d9bd73b6650ef310d5
https://repo.anaconda.com/pkgs/main/osx-64/pcre2-10.42-h9b97e30_0.conda#dc1b676b9a5d6d6828947a853cb5ae68
https://repo.anaconda.com/pkgs/main/osx-64/readline-8.2-hca72f7f_0.conda#971667436260e523f6f7355fdfa238bf
https://repo.anaconda.com/pkgs/main/osx-64/tk-8.6.12-h5d9f67b_0.conda#047f0af5486d19163e37fd7f8ae3d29f
https://repo.anaconda.com/pkgs/main/osx-64/zeromq-4.3.4-h23ab428_0.conda#24ca0b9986211e74e86f8afbba5c092d
https://repo.anaconda.com/pkgs/main/osx-64/brotli-bin-1.0.9-hca72f7f_7.conda#110bdca1a20710820e61f7fa3047f737
https://repo.anaconda.com/pkgs/main/osx-64/freetype-2.12.1-hd8bbffd_0.conda#1f276af321375ee7fe8056843044fa76
https://repo.anaconda.com/pkgs/main/osx-64/gdbm-1.18-hdccc71a_4.conda#bb634d8dac037a39fdf35dee4e485d56
https://repo.anaconda.com/pkgs/main/osx-64/krb5-1.20.1-h2dd1343_0.conda#e136be67d22409c83706acd2a6c0a7fa
https://repo.anaconda.com/pkgs/main/osx-64/libclang-12.0.0-default_hbc2896b_2.conda#8364e9c08fa7f1c07d0717210b31f157
https://repo.anaconda.com/pkgs/main/osx-64/libgfortran-5.0.0-11_3_0_hecd8cb5_28.conda#2eb13b680803f1064e53873ae0aaafb3
https://repo.anaconda.com/pkgs/main/osx-64/libnghttp2-1.52.0-h9beae6a_0.conda#dd811e158dd0d7f5d1eb172680ab8765
https://repo.anaconda.com/pkgs/main/osx-64/libssh2-1.10.0-h04015c4_1.conda#ef04b3eca2b515eb85f2d705822eae21
https://repo.anaconda.com/pkgs/main/osx-64/libxml2-2.10.3-h930c0e2_0.conda#abe6f41f5d7b8a214afda42bf7b14d6e
https://repo.anaconda.com/pkgs/main/osx-64/nettle-3.7.3-h230ac6f_1.conda#1761f6c16222a7c3ca82a7aa81924a99
https://repo.anaconda.com/pkgs/main/osx-64/sqlite-3.41.2-h6c40b1e_0.conda#6947a501943529c7536b7e4ba53802c1
https://repo.anaconda.com/pkgs/main/osx-64/zstd-1.5.5-hc035e20_0.conda#5e0b7ddb1b7dc6b630e1f9a03499c19c
https://repo.anaconda.com/pkgs/main/osx-64/brotli-1.0.9-hca72f7f_7.conda#68e54d12ec67591deb2ffd70348fb00f
https://repo.anaconda.com/pkgs/main/osx-64/fontconfig-2.14.1-hb0a0c50_2.conda#ed08bc6798db02ba3f8008977d986972
https://repo.anaconda.com/pkgs/main/osx-64/gettext-0.21.0-he85b6c0_1.conda#7f28c04bccb5760ed6054796d5a50a06
https://repo.anaconda.com/pkgs/main/osx-64/hdf5-1.10.6-h10fe05b_1.conda#a9dd4ed24409d605d68413fbc31379d4
https://repo.anaconda.com/pkgs/main/osx-64/libcurl-7.88.1-hf20ceda_1.conda#ec087a321d78a254368a9db9814424b6
https://conda.anaconda.org/conda-forge/osx-64/libopenblas-0.3.21-openmp_h429af6e_3.tar.bz2#968c46aa7f4032c3f3873f3452ed4c34
https://repo.anaconda.com/pkgs/main/osx-64/libpq-12.15-hf20ceda_0.conda#ed7344605206247549da09162935e35e
https://repo.anaconda.com/pkgs/main/osx-64/libtiff-4.5.0-hcec6c5f_2.conda#f0b033a82af1bd028f112cdecef1fe0a
https://repo.anaconda.com/pkgs/main/osx-64/libxslt-1.1.37-h6d1eb0e_0.conda#fe0c576c1d25b96c3cf2831e72533223
https://repo.anaconda.com/pkgs/main/osx-64/nss-3.89.1-hcec6c5f_0.conda#51893e093dd0dd12904c279b6e84c6ae
https://conda.anaconda.org/conda-forge/osx-64/openmpi-4.0.5-h5807002_4.tar.bz2#655b83508aed0276c7eb8f62c7939037
https://repo.anaconda.com/pkgs/main/osx-64/perl-5.34.0-h435f0c2_2.conda#3df316f6f274f70a2639983c153f1cdb
https://repo.anaconda.com/pkgs/main/osx-64/python-3.9.16-h5ee71fb_3.conda#30fa943c81747b473891f541bf4003a8
https://repo.anaconda.com/pkgs/main/osx-64/aiofiles-22.1.0-py39hecd8cb5_0.conda#a8f3fabe9d6615d1485fb3ec2f299c3c
https://repo.anaconda.com/pkgs/main/osx-64/aiosqlite-0.18.0-py39hecd8cb5_0.conda#1e80038a2529c2536ba13e864ec2d133
https://repo.anaconda.com/pkgs/main/noarch/alabaster-0.7.12-pyhd3eb1b0_0.tar.bz2#21ad3b69a5ce6c22e724e9dbb4cffa65
https://repo.anaconda.com/pkgs/main/noarch/appdirs-1.4.4-pyhd3eb1b0_0.conda#5673d98d06171cb6eed03a6736845c4d
https://repo.anaconda.com/pkgs/main/osx-64/appnope-0.1.2-py39hecd8cb5_1001.conda#67dee4a6d760fa99461ba90746d771ba
https://repo.anaconda.com/pkgs/main/osx-64/attrs-22.1.0-py39hecd8cb5_0.conda#d0b7738bb61bd74eedfc833533dd14d4
https://repo.anaconda.com/pkgs/main/noarch/backcall-0.2.0-pyhd3eb1b0_0.tar.bz2#b2aa5503875aba2f1d88cae9df9a96d5
https://repo.anaconda.com/pkgs/main/osx-64/certifi-2023.5.7-py39hecd8cb5_0.conda#6a621616b67c5562036d581c8dd2c17c
https://repo.anaconda.com/pkgs/main/noarch/charset-normalizer-2.0.4-pyhd3eb1b0_0.conda#e7a441d94234b2b5fafee06e25dbf076
https://repo.anaconda.com/pkgs/main/osx-64/colorama-0.4.6-py39hecd8cb5_0.conda#925caf173c79d1513754b3a83adf47f6
https://repo.anaconda.com/pkgs/main/osx-64/curl-7.88.1-h6c40b1e_1.conda#aecd93ad9d98c046499348c2aa51a2c4
https://repo.anaconda.com/pkgs/main/noarch/cycler-0.11.0-pyhd3eb1b0_0.conda#f5e365d2cdb66d547eb8c3ab93843aab
https://repo.anaconda.com/pkgs/main/osx-64/debugpy-1.5.1-py39he9d5cce_0.conda#f10341155d16aa59e0ea47c339bfd1a7
https://repo.anaconda.com/pkgs/main/noarch/decorator-5.1.1-pyhd3eb1b0_0.conda#4d969aac32a0faf84af90c797bfc7fec
https://repo.anaconda.com/pkgs/main/noarch/defusedxml-0.7.1-pyhd3eb1b0_0.conda#d912068b0729930972adcaac338882c0
https://repo.anaconda.com/pkgs/main/osx-64/dill-0.3.6-py39hecd8cb5_0.conda#7a6571debcb3b5646800430d57bdc5fd
https://repo.anaconda.com/pkgs/main/osx-64/docutils-0.18.1-py39hecd8cb5_3.conda#1045a4ff80e5599a4f7bc98ef6f98083
https://repo.anaconda.com/pkgs/main/osx-64/entrypoints-0.4-py39hecd8cb5_0.conda#30c624f548cb4dab701a31bf644a0e08
https://repo.anaconda.com/pkgs/main/noarch/executing-0.8.3-pyhd3eb1b0_0.conda#7be61d1c3c555fb37682b28d7a53d622
https://repo.anaconda.com/pkgs/main/osx-64/glib-2.69.1-hfff2838_2.conda#32eff02d1ba1b3fad66ec74786d8aec0
https://repo.anaconda.com/pkgs/main/osx-64/gnutls-3.6.15-hed9c0bf_0.conda#802f2b0372f1ce21f45b9e103c2dfa75
https://repo.anaconda.com/pkgs/main/osx-64/idna-3.4-py39hecd8cb5_0.conda#60fb473352c9fe43b690d7b0b40cd47b
https://repo.anaconda.com/pkgs/main/osx-64/imagesize-1.4.1-py39hecd8cb5_0.conda#b4f3c32ddd4232d906296ac8d9cb5bab
https://repo.anaconda.com/pkgs/main/noarch/ipython_genutils-0.2.0-pyhd3eb1b0_1.conda#553832c0b872a28088a0001fa2ba3822
https://repo.anaconda.com/pkgs/main/osx-64/joblib-1.2.0-py39hecd8cb5_0.conda#6b8a197c538255cae6aa90e1fd113085
https://repo.anaconda.com/pkgs/main/noarch/json5-0.9.6-pyhd3eb1b0_0.conda#4e721ee2dbfa20069719d2ee19185031
https://repo.anaconda.com/pkgs/main/osx-64/jupyterlab_widgets-3.0.5-py39hecd8cb5_0.conda#bc6de8a7348ec75d676f0c6d2fc7d776
https://repo.anaconda.com/pkgs/main/osx-64/kiwisolver-1.4.4-py39hcec6c5f_0.conda#2ee58ba7ba854969d0b7f7db4d07459d
https://repo.anaconda.com/pkgs/main/osx-64/lcms2-2.12-hf1fd2bf_0.conda#697aba7a3308226df7a93ccfeae16ffa
https://conda.anaconda.org/conda-forge/osx-64/libblas-3.9.0-16_osx64_openblas.tar.bz2#644d63e9379867490b67bace400b2a0f
https://repo.anaconda.com/pkgs/main/osx-64/libwebp-1.2.4-hf6ce154_1.conda#07d0981c3847293d4aea5778298a12d3
https://repo.anaconda.com/pkgs/main/osx-64/lxml-4.9.2-py39h6c40b1e_0.conda#5c84a3e5ebf766849bf47426d89563e0
https://repo.anaconda.com/pkgs/main/osx-64/markupsafe-2.1.1-py39hca72f7f_0.conda#c8d14db0e468b7ede010757ed1c2a814
https://repo.anaconda.com/pkgs/main/osx-64/mistune-0.8.4-py39h9ed2024_1000.conda#3f90c5869c9d6784516516d2b9986dd9
https://repo.anaconda.com/pkgs/main/osx-64/mpi4py-3.1.4-py39hf887278_0.conda#e0f38cf335097663ff242fb6f9fedf70
https://repo.anaconda.com/pkgs/main/noarch/munkres-1.1.4-py_0.conda#148362ba07f92abab76999a680c80084
https://repo.anaconda.com/pkgs/main/osx-64/nest-asyncio-1.5.6-py39hecd8cb5_0.conda#b7f591fa897b6bb53487aaf128915c25
https://conda.anaconda.org/conda-forge/osx-64/openblas-0.3.21-openmp_hbefa662_3.tar.bz2#f0ad8b67cf731e7e375e497305d7cee5
https://repo.anaconda.com/pkgs/main/osx-64/openjpeg-2.4.0-h66ea3da_0.conda#882833bd7befc5e60e6fba9c518c1b79
https://repo.anaconda.com/pkgs/main/osx-64/packaging-23.0-py39hecd8cb5_0.conda#09e12aa29746fb55cc52f17b96bfe3c9
https://repo.anaconda.com/pkgs/main/noarch/pandocfilters-1.5.0-pyhd3eb1b0_0.conda#5547ced9e3bb4c513405998957b52c7b
https://repo.anaconda.com/pkgs/main/noarch/parso-0.8.3-pyhd3eb1b0_0.conda#c6f0f6219bf5ce2b510ef4b75cbc3e01
https://repo.anaconda.com/pkgs/main/noarch/pickleshare-0.7.5-pyhd3eb1b0_1003.conda#4a6363fd8dda664b95f99f7c5aa95abc
https://repo.anaconda.com/pkgs/main/osx-64/platformdirs-2.5.2-py39hecd8cb5_0.conda#cea036d08a42187a4969e7c020edaa9d
https://repo.anaconda.com/pkgs/main/osx-64/ply-3.11-py39hecd8cb5_0.conda#d009a2885a799c7eb193182a393a02da
https://conda.anaconda.org/conda-forge/noarch/pox-0.3.2-pyhd8ed1ab_0.tar.bz2#29b13416c85f298de6498defeacd2d09
https://repo.anaconda.com/pkgs/main/osx-64/prometheus_client-0.14.1-py39hecd8cb5_0.conda#b7fcd80793964c5cc1380c4da29e233b
https://repo.anaconda.com/pkgs/main/osx-64/psutil-5.9.0-py39hca72f7f_0.conda#0d79bed95ccd6132aea381da56bf9fd2
https://repo.anaconda.com/pkgs/main/noarch/ptyprocess-0.7.0-pyhd3eb1b0_2.conda#7441d2827d4bfbcc1fa308875a146246
https://repo.anaconda.com/pkgs/main/noarch/pure_eval-0.2.2-pyhd3eb1b0_0.conda#a87d6d9827e5dff68d34d69971f8a9b1
https://repo.anaconda.com/pkgs/main/osx-64/pycodestyle-2.10.0-py39hecd8cb5_0.conda#06819c5d4588458c7be591a1a418d8e2
https://repo.anaconda.com/pkgs/main/noarch/pycparser-2.21-pyhd3eb1b0_0.conda#135a72ff2a31150a3a3ff0b1edd41ca9
https://repo.anaconda.com/pkgs/main/osx-64/pygments-2.15.1-py39hecd8cb5_1.conda#250106793bbab0fc7910dffab525db41
https://repo.anaconda.com/pkgs/main/osx-64/pyparsing-3.0.9-py39hecd8cb5_0.conda#9b77837761d4351f49612991cd32127b
https://repo.anaconda.com/pkgs/main/osx-64/pyrsistent-0.18.0-py39hca72f7f_0.conda#2de22755def41ffde8949dfb978a82f3
https://repo.anaconda.com/pkgs/main/osx-64/pysocks-1.7.1-py39hecd8cb5_0.conda#4765ca1a39ea5287cbe170734ac83e37
https://repo.anaconda.com/pkgs/main/osx-64/python-fastjsonschema-2.16.2-py39hecd8cb5_0.conda#31c247d769a45747ba0d84392e74efa7
https://repo.anaconda.com/pkgs/main/osx-64/python-json-logger-2.0.7-py39hecd8cb5_0.conda#d2fad30cdb30b9038cbfde636a9835b5
https://conda.anaconda.org/conda-forge/osx-64/python_abi-3.9-2_cp39.tar.bz2#262f557ee8ca777fe2190956038024cd
https://repo.anaconda.com/pkgs/main/osx-64/pytz-2022.7-py39hecd8cb5_0.conda#4df8fccffcac246293a82f7a6e89e2fd
https://repo.anaconda.com/pkgs/main/osx-64/pyyaml-6.0-py39h6c40b1e_1.conda#89b18a64d8f25bed1ffb26ca61bee5d1
https://repo.anaconda.com/pkgs/main/osx-64/pyzmq-25.1.0-py39hcec6c5f_0.conda#4eefabf116396fb1e6122824535e5515
https://repo.anaconda.com/pkgs/main/osx-64/rfc3986-validator-0.1.1-py39hecd8cb5_0.conda#e032e34c67026d3e9e628386dc90323f
https://repo.anaconda.com/pkgs/main/noarch/send2trash-1.8.0-pyhd3eb1b0_1.conda#bfa3c5c61a5a91e528a1d2d1e3cae6c9
https://repo.anaconda.com/pkgs/main/osx-64/setuptools-67.8.0-py39hecd8cb5_0.conda#7d730b3b3d7081957bf6ab0efa379324
https://repo.anaconda.com/pkgs/main/noarch/six-1.16.0-pyhd3eb1b0_1.conda#34586824d411d36af2fa40e799c172d0
https://repo.anaconda.com/pkgs/main/osx-64/sniffio-1.2.0-py39hecd8cb5_1.conda#42cc58b3cc9719ee51bd32530777a576
https://repo.anaconda.com/pkgs/main/noarch/snowballstemmer-2.2.0-pyhd3eb1b0_0.conda#c8c10f2cd854c0a27630760958bba60c
https://repo.anaconda.com/pkgs/main/osx-64/soupsieve-2.4-py39hecd8cb5_0.conda#ef72abe1ddae3b606864a3173b635ac2
https://repo.anaconda.com/pkgs/main/noarch/sphinxcontrib-applehelp-1.0.2-pyhd3eb1b0_0.tar.bz2#ac923499f97b9a9ab7c672b27cb2a1a8
https://repo.anaconda.com/pkgs/main/noarch/sphinxcontrib-devhelp-1.0.2-pyhd3eb1b0_0.tar.bz2#bc39c2b70430734b5879d6b504e3311f
https://repo.anaconda.com/pkgs/main/noarch/sphinxcontrib-htmlhelp-2.0.0-pyhd3eb1b0_0.conda#2af558ca8b56151110c7a3639a1ea348
https://repo.anaconda.com/pkgs/main/noarch/sphinxcontrib-jsmath-1.0.1-pyhd3eb1b0_0.tar.bz2#e43f8de7d6a717935ab220a0c957771d
https://repo.anaconda.com/pkgs/main/noarch/sphinxcontrib-qthelp-1.0.3-pyhd3eb1b0_0.tar.bz2#08d67f73f640b4d1e5e8890a324b60e3
https://repo.anaconda.com/pkgs/main/noarch/sphinxcontrib-serializinghtml-1.1.5-pyhd3eb1b0_0.conda#0440b84dfd478f340cf14c2d7c24f6c7
https://repo.anaconda.com/pkgs/main/noarch/threadpoolctl-2.2.0-pyh0d69192_0.conda#bbfdbae4934150b902f97daaf287efe2
https://repo.anaconda.com/pkgs/main/noarch/toml-0.10.2-pyhd3eb1b0_0.conda#cda05f5f6d8509529d1a2743288d197a
https://repo.anaconda.com/pkgs/main/osx-64/tomli-2.0.1-py39hecd8cb5_0.conda#49318006e63c8628ce0a1e2e1433d30d
https://repo.anaconda.com/pkgs/main/osx-64/tornado-6.2-py39hca72f7f_0.conda#2653da9c248d53e811364e65353c8742
https://repo.anaconda.com/pkgs/main/osx-64/tqdm-4.65.0-py39h01d92e1_0.conda#8efc9f2be3acc725960e2ee0df52aa6e
https://repo.anaconda.com/pkgs/main/osx-64/traitlets-5.7.1-py39hecd8cb5_0.conda#9cd52edcceca96a0be7cc2c6ee775cf6
https://repo.anaconda.com/pkgs/main/osx-64/typing_extensions-4.6.3-py39hecd8cb5_0.conda#7512e1679bc02eefa57b392a3b0770cf
https://repo.anaconda.com/pkgs/main/noarch/wcwidth-0.2.5-pyhd3eb1b0_0.conda#ffa649340272c3f6466ba01da254c3b0
https://repo.anaconda.com/pkgs/main/osx-64/webencodings-0.5.1-py39hecd8cb5_1.conda#4935591db52c82273224620860b76066
https://repo.anaconda.com/pkgs/main/osx-64/wheel-0.38.4-py39hecd8cb5_0.conda#a220b0cb159f300ced9a8fc9974a2f14
https://repo.anaconda.com/pkgs/main/osx-64/widgetsnbextension-4.0.5-py39hecd8cb5_0.conda#b6990c65c55cb6a4b0ade1d561cdd9e3
https://repo.anaconda.com/pkgs/main/osx-64/y-py-0.5.9-py39h7242b5c_0.conda#50a6ad07510f697bcd82447a5e75fa25
https://repo.anaconda.com/pkgs/main/osx-64/zipp-3.11.0-py39hecd8cb5_0.conda#9bef65af2d31209e9b0db05b2c83df42
https://repo.anaconda.com/pkgs/main/osx-64/anyio-3.5.0-py39hecd8cb5_0.conda#d5347dc4681c3912d49e50e7a607d5cb
https://repo.anaconda.com/pkgs/main/noarch/asttokens-2.0.5-pyhd3eb1b0_0.conda#140486e2ce4f3931b44aa5f7ff8d88da
https://repo.anaconda.com/pkgs/main/noarch/autopep8-1.6.0-pyhd3eb1b0_1.conda#98e7d4ac961b8f336ab24b3519728fed
https://repo.anaconda.com/pkgs/main/osx-64/babel-2.11.0-py39hecd8cb5_0.conda#023d2363728d731255b062e6f20dfd9d
https://repo.anaconda.com/pkgs/main/osx-64/beautifulsoup4-4.12.2-py39hecd8cb5_0.conda#29c2fa6c8e02fbfbddde3b66b7df0a47
https://repo.anaconda.com/pkgs/main/noarch/bleach-4.1.0-pyhd3eb1b0_0.conda#256eb7e384e35f993ef8ccd6c4f45e58
https://repo.anaconda.com/pkgs/main/osx-64/cairo-1.16.0-h3ce6f7e_4.conda#4f60f1555842de30d1090b73c4e122fc
https://repo.anaconda.com/pkgs/main/osx-64/cffi-1.15.1-py39h6c40b1e_3.conda#c9df0a268b6168cb890a6f65e2a81c71
https://repo.anaconda.com/pkgs/main/osx-64/comm-0.1.2-py39hecd8cb5_0.conda#952ab957706d066c47931a597e435bee
https://repo.anaconda.com/pkgs/main/osx-64/ffmpeg-4.2.2-h97e5cf8_0.conda#f5530120588c826a57f75dd869de3665
https://repo.anaconda.com/pkgs/main/noarch/fonttools-4.25.0-pyhd3eb1b0_0.conda#bb9c5b5a6d892fca5efe4bf0203b6a48
https://repo.anaconda.com/pkgs/main/osx-64/git-2.40.1-pl5340h520dc60_0.conda#d7e3f03cb572bd431480a25d7b39306e
https://repo.anaconda.com/pkgs/main/osx-64/gstreamer-1.14.1-h6c40b1e_1.conda#2658f1057b5f3dc12f21df15a07b8e3f
https://repo.anaconda.com/pkgs/main/osx-64/importlib-metadata-6.0.0-py39hecd8cb5_0.conda#e54b66e580f69c48fcaa2a83d71fedc3
https://repo.anaconda.com/pkgs/main/noarch/importlib_resources-5.2.0-pyhd3eb1b0_1.conda#3e7caf9dbd3b4771e9b951ffc7cdad80
https://repo.anaconda.com/pkgs/main/osx-64/jedi-0.18.1-py39hecd8cb5_1.conda#9ca3f6c969319b1725157886d676f508
https://repo.anaconda.com/pkgs/main/osx-64/jinja2-3.1.2-py39hecd8cb5_0.conda#e422d352418d50005c40950ee4a72d99
https://repo.anaconda.com/pkgs/main/osx-64/jsonschema-4.17.3-py39hecd8cb5_0.conda#a00a4af4aef16823ed665a6ee7b23a2d
https://repo.anaconda.com/pkgs/main/osx-64/jupyter_core-5.3.0-py39hecd8cb5_0.conda#866569f1acecd8fc294d9a4a19daec0f
https://repo.anaconda.com/pkgs/main/noarch/jupyterlab_pygments-0.1.2-py_0.conda#af46aff4922ca45df6ba19b313df6070
https://conda.anaconda.org/conda-forge/noarch/klepto-0.2.2-pyhd8ed1ab_0.tar.bz2#7dbb6308def4591b0e594a7aa5e3a0d1
https://conda.anaconda.org/conda-forge/osx-64/libcblas-3.9.0-16_osx64_openblas.tar.bz2#28592eab0f05bcf9969789e87f754e11
https://conda.anaconda.org/conda-forge/osx-64/liblapack-3.9.0-16_osx64_openblas.tar.bz2#406ad426aade5578b90544cc2ed4a79b
https://repo.anaconda.com/pkgs/main/osx-64/mako-1.2.3-py39hecd8cb5_0.conda#06ebfc16704b1b7c95e451f8f66c1f2c
https://repo.anaconda.com/pkgs/main/osx-64/matplotlib-inline-0.1.6-py39hecd8cb5_0.conda#20b20de729711a68896dabc998d5784b
https://repo.anaconda.com/pkgs/main/noarch/pexpect-4.8.0-pyhd3eb1b0_3.conda#765b2562d6cdd14bb6d44fc170a04331
https://repo.anaconda.com/pkgs/main/osx-64/pillow-9.4.0-py39hcec6c5f_0.conda#5b5389309701442bd3949665e9a88d7e
https://repo.anaconda.com/pkgs/main/osx-64/pip-23.1.2-py39hecd8cb5_0.conda#bdaac962f855ed33ed13e1c222323842
https://repo.anaconda.com/pkgs/main/osx-64/prettytable-3.5.0-py39hecd8cb5_0.conda#4de3e53da4a5c926a6628f3e1c7da844
https://repo.anaconda.com/pkgs/main/osx-64/prompt-toolkit-3.0.36-py39hecd8cb5_0.conda#0a5ebc8abf7ea989027f7b36ec4a023b
https://repo.anaconda.com/pkgs/main/noarch/python-dateutil-2.8.2-pyhd3eb1b0_0.conda#211ee00320b08a1ac9fea6677649f6c9
https://conda.anaconda.org/conda-forge/noarch/pytools-2022.1.14-pyhd8ed1ab_0.conda#d62e4ce2fc74ff2fe110a5a922b26da2
https://repo.anaconda.com/pkgs/main/osx-64/qtpy-2.2.0-py39hecd8cb5_0.conda#ad61a2d70025bfe116c1d32b83d06912
https://repo.anaconda.com/pkgs/main/osx-64/rfc3339-validator-0.1.4-py39hecd8cb5_0.conda#1f12e5209b0f4f3d2938cdefd7f96679
https://repo.anaconda.com/pkgs/main/osx-64/sip-6.6.2-py39he9d5cce_0.conda#047cba6ee490696d1c2f8b892e441020
https://repo.anaconda.com/pkgs/main/osx-64/terminado-0.17.1-py39hecd8cb5_0.conda#a5712d6f5dffe96f430f23b0d35cb372
https://repo.anaconda.com/pkgs/main/osx-64/tinycss2-1.2.1-py39hecd8cb5_0.conda#83ac2de73c4a77431644e5dc89f7464c
https://repo.anaconda.com/pkgs/main/osx-64/typing-extensions-4.6.3-py39hecd8cb5_0.conda#604e8b94bafed1b37c52e7cb8454e4e5
https://repo.anaconda.com/pkgs/main/osx-64/websocket-client-0.58.0-py39hecd8cb5_4.conda#ea2d98a9c99de824aacde0e68dc32ada
https://repo.anaconda.com/pkgs/main/osx-64/ypy-websocket-0.8.2-py39hecd8cb5_0.conda#27d22c14160735e7adf96a1b19e5f5b5
https://repo.anaconda.com/pkgs/main/osx-64/argon2-cffi-bindings-21.2.0-py39hca72f7f_0.conda#9ccbacdfa559578ec140ef9bbf78b44e
https://repo.anaconda.com/pkgs/main/osx-64/brotlipy-0.7.0-py39h9ed2024_1003.conda#a08f6f5f899aff4a07351217b36fae41
https://repo.anaconda.com/pkgs/main/osx-64/cryptography-39.0.1-py39hf6deb26_2.conda#fa31907bc950ea7196f38491b50d0f47
https://repo.anaconda.com/pkgs/main/osx-64/gst-plugins-base-1.14.1-hcec6c5f_1.conda#4e2d3b74d30730980ef09af848ba9d98
https://repo.anaconda.com/pkgs/main/osx-64/harfbuzz-4.3.0-hffc734d_1.conda#159b06f45177b79c1e906e6f63e30f65
https://repo.anaconda.com/pkgs/main/noarch/importlib_metadata-6.0.0-hd3eb1b0_0.conda#0af8f090f7e0090aa5f92dd9d537c09d
https://repo.anaconda.com/pkgs/main/osx-64/jupyter_events-0.6.3-py39hecd8cb5_0.conda#33137f0271c345cc20914043280fbcac
https://repo.anaconda.com/pkgs/main/osx-64/jupyter_server_terminals-0.4.4-py39hecd8cb5_1.conda#027cd39450eac280ef448a65fc950d3d
https://conda.anaconda.org/conda-forge/osx-64/liblapacke-3.9.0-16_osx64_openblas.tar.bz2#fdde3ba87373e04a109c58b229676f8f
https://repo.anaconda.com/pkgs/main/osx-64/nbformat-5.7.0-py39hecd8cb5_0.conda#7791fe71133f8ffe41242047ea445b78
https://conda.anaconda.org/conda-forge/osx-64/numpy-1.23.0-py39hda39a74_0.tar.bz2#3f3ac1d12297a29e395d2364ea7a930e
https://repo.anaconda.com/pkgs/main/noarch/prompt_toolkit-3.0.36-hd3eb1b0_0.conda#c850976b29e0171af80d2b3725af1c36
https://repo.anaconda.com/pkgs/main/osx-64/pydantic-1.10.8-py39h6c40b1e_0.conda#9a4ceea7565c5f9befb26c779473e064
https://repo.anaconda.com/pkgs/main/osx-64/pyqt5-sip-12.11.0-py39he9d5cce_0.conda#346fb8be972ac4ff042cd8ee1e2959d6
https://repo.anaconda.com/pkgs/main/noarch/stack_data-0.2.0-pyhd3eb1b0_0.conda#6212968e73726f6da42e5ffcd2bea92d
https://repo.anaconda.com/pkgs/main/noarch/argon2-cffi-21.3.0-pyhd3eb1b0_0.conda#f00b851bc61b4c313903d31c7daecb09
https://conda.anaconda.org/conda-forge/osx-64/blas-devel-3.9.0-16_osx64_openblas.tar.bz2#d3e6ab5f5bf356227e2816b0f9c48bad
https://repo.anaconda.com/pkgs/main/osx-64/bottleneck-1.3.5-py39h67323c0_0.conda#312133560b81ec1a2aaf95835e90b5e9
https://repo.anaconda.com/pkgs/main/osx-64/contourpy-1.0.5-py39haf03e11_0.conda#e4bf1c4fc91f39170273f422f2c97481
https://conda.anaconda.org/conda-forge/noarch/glymur-0.12.7-pyhd8ed1ab_0.conda#7be6ea03e421d9948388ca8f4c0701eb
https://repo.anaconda.com/pkgs/main/osx-64/h5py-3.7.0-py39h4a1dd59_0.conda#08fb32cd5345d7679b6aece411fd8ec5
https://repo.anaconda.com/pkgs/main/osx-64/ipython-8.12.0-py39hecd8cb5_0.conda#08caf4369400b1d0438ad491fadedf60
https://repo.anaconda.com/pkgs/main/osx-64/jupyter_client-8.1.0-py39hecd8cb5_0.conda#807c8df79ac6edcce2d3da36020e6d36
https://repo.anaconda.com/pkgs/main/osx-64/jupyter_ydoc-0.2.4-py39hecd8cb5_0.conda#a3b35bb2dbc9de083cc3084ba575e15d
https://conda.anaconda.org/conda-forge/osx-64/pyopencl-2023.1-py39h204a2a1_0.conda#e0a9e02c91a76e50fc018b934995a4b0
https://repo.anaconda.com/pkgs/main/osx-64/pyopenssl-23.0.0-py39hecd8cb5_0.conda#ed50ac428785ce7539f175822e834cfd
https://repo.anaconda.com/pkgs/main/osx-64/pyqtgraph-0.13.1-py39hecd8cb5_0.conda#d8fe119715ef089ebedf5a8142db9362
https://repo.anaconda.com/pkgs/main/osx-64/qt-main-5.15.2-h719ae48_7.conda#434fadafcf40ffa189b20c5dc418737a
https://conda.anaconda.org/conda-forge/osx-64/scipy-1.8.1-py39h8a15683_3.tar.bz2#9cc9620fbafbd9947c6b0ab5e10ef98b
https://conda.anaconda.org/conda-forge/osx-64/blas-2.116-openblas.tar.bz2#34b710f5d7e0712f49a4971762718029
https://conda.anaconda.org/conda-forge/osx-64/fabio-2023.4.1-py39hfc8b457_0.conda#4ab55b9461315fb7bf938284d3417ba0
https://conda.anaconda.org/conda-forge/osx-64/hdf5plugin-3.2.0-py39h1e5358b_0.tar.bz2#bcff098c06ce5446c3ac9be8100262b6
https://repo.anaconda.com/pkgs/main/osx-64/ipykernel-6.19.2-py39h01d92e1_0.conda#bf4e063c0aa598fe48b66beafbb26e37
https://repo.anaconda.com/pkgs/main/osx-64/matplotlib-base-3.7.1-py39hda11e5a_1.conda#8463df106e548cf2816a27508a7e963a
https://repo.anaconda.com/pkgs/main/osx-64/nbclient-0.5.13-py39hecd8cb5_0.conda#f3c37e3c179aa551e5103628b06acc10
https://repo.anaconda.com/pkgs/main/osx-64/qt-webengine-5.15.9-h90a370e_4.conda#4033f8512b5c6b02bf22e3dfbae2a5d0
https://repo.anaconda.com/pkgs/main/osx-64/scikit-learn-1.1.2-py39he9d5cce_0.conda#aaeaf95cfd8074c9a8b196dd0c1c3273
https://repo.anaconda.com/pkgs/main/osx-64/urllib3-1.26.16-py39hecd8cb5_0.conda#53a48221fff587892f2df7a23bd8e089
https://repo.anaconda.com/pkgs/main/osx-64/ipywidgets-8.0.4-py39hecd8cb5_0.conda#1a57944daa4133c36cbe60a928a02369
https://repo.anaconda.com/pkgs/main/osx-64/jupyter_console-6.6.3-py39hecd8cb5_0.conda#dbe1aa78494c797eecb50528dae85c04
https://repo.anaconda.com/pkgs/main/osx-64/matplotlib-3.7.1-py39hecd8cb5_1.conda#1daf87e0df7c65d9c4b78a9130496bf0
https://repo.anaconda.com/pkgs/main/osx-64/nbconvert-6.5.4-py39hecd8cb5_0.conda#3e92246c879be3eccdf32e1d0beecd23
https://repo.anaconda.com/pkgs/main/osx-64/numexpr-2.8.4-py39h57a7bef_1.conda#6ff57c669ef2ace727f4b1456f94bd3a
https://repo.anaconda.com/pkgs/main/osx-64/qtwebkit-5.212-hbfab81c_5.conda#4004dfe149ad232d3c2f7abb1f637c55
https://repo.anaconda.com/pkgs/main/osx-64/requests-2.29.0-py39hecd8cb5_0.conda#9418657bfe1fe61dbe134732d8bb55c9
https://conda.anaconda.org/conda-forge/osx-64/silx-base-1.1.2-py39hecff1ad_1.conda#36203eb754757ba93c46446c64a63f80
https://repo.anaconda.com/pkgs/main/osx-64/jupyter_server-2.5.0-py39hecd8cb5_0.conda#8b5e4e59025ed2cede64412032c05f63
https://repo.anaconda.com/pkgs/main/osx-64/opencv-4.6.0-py39h07fba90_3.conda#88c03182a08b272b2634d22a27275a2f
https://repo.anaconda.com/pkgs/main/osx-64/pandas-1.5.3-py39h07fba90_0.conda#69af9747b3840ae270bf0ec30d321da1
https://conda.anaconda.org/conda-forge/osx-64/pyfai-base-2023.5.0-py39h11b3245_0.conda#3efad448ff67df12a5a298fb0c0d10f2
https://repo.anaconda.com/pkgs/main/osx-64/pyqt-5.15.7-py39he9d5cce_0.conda#b269b772cb536c1758a3668c9d20829a
https://repo.anaconda.com/pkgs/main/osx-64/sphinx-5.0.2-py39hecd8cb5_0.conda#c6d0a2aad1e654a37a5d31939fea9fd6
https://repo.anaconda.com/pkgs/main/osx-64/jupyter_server_fileid-0.9.0-py39hecd8cb5_0.conda#a4a9f6de3136b942e466a72306d2e79a
https://repo.anaconda.com/pkgs/main/osx-64/jupyterlab_server-2.22.0-py39hecd8cb5_0.conda#b76c562081ab12a9729fa1ac209aadef
https://conda.anaconda.org/conda-forge/noarch/nbsphinx-0.8.9-pyhd8ed1ab_0.tar.bz2#c4aeec69f6d9225c39ff18d5a06cc12f
https://repo.anaconda.com/pkgs/main/osx-64/notebook-shim-0.2.2-py39hecd8cb5_0.conda#120135522e7f1a083ca471096e6246c0
https://repo.anaconda.com/pkgs/main/osx-64/qtconsole-5.4.2-py39hecd8cb5_0.conda#26b748307cdcc59fc0c756c1a4932903
https://repo.anaconda.com/pkgs/main/osx-64/seaborn-0.12.2-py39hecd8cb5_0.conda#7f255a6e2749c57810c073d24701069f
https://conda.anaconda.org/conda-forge/noarch/sphinxcontrib-programoutput-0.16-pyh9f0ad1d_0.tar.bz2#f0840828bafc3e25f33115012a820791
https://repo.anaconda.com/pkgs/main/osx-64/jupyter_server_ydoc-0.8.0-py39hecd8cb5_1.conda#28b559c0f7a00c0f3670bc3df3fde3ab
https://repo.anaconda.com/pkgs/main/osx-64/nbclassic-0.5.5-py39hecd8cb5_0.conda#a1db6378ef6bc6ecb09baf60e1d57f41
https://conda.anaconda.org/conda-forge/noarch/silx-1.1.2-hd8ed1ab_1.conda#e7068b258ff8b525a8560926c78d38fc
https://repo.anaconda.com/pkgs/main/osx-64/notebook-6.5.4-py39hecd8cb5_0.conda#57c5df1ad2b3dbf931cc3401b7c5e55f
https://conda.anaconda.org/conda-forge/noarch/pyfai-2023.5.0-hd8ed1ab_0.conda#e1a15d3f8d6287298e9d7b9a7e3a448e
https://repo.anaconda.com/pkgs/main/osx-64/jupyterlab-3.6.3-py39hecd8cb5_0.conda#aaa2be2d2522247a02d7d6b5c16c2e55
https://repo.anaconda.com/pkgs/main/osx-64/jupyter-1.0.0-py39hecd8cb5_8.conda#da58b4a4917aa2eee6a0e99cbbaa2b19
